
Microsoft Visual Studio Solution File, Format Version 12.00
# Visual Studio 2013
VisualStudioVersion = 12.0.21005.1
MinimumVisualStudioVersion = 10.0.40219.1
Project("{FAE04EC0-301F-11D3-BF4B-00C04F79EFBC}") = "models", "model\models.csproj", "{660DBE96-B9B6-4163-9B60-C91D924A7EFA}"
EndProject
Project("{FAE04EC0-301F-11D3-BF4B-00C04F79EFBC}") = "BLL", "BLL\BLL.csproj", "{23F38CE5-7157-42AB-B371-290F9B5B43FD}"
EndProject
Project("{FAE04EC0-301F-11D3-BF4B-00C04F79EFBC}") = "DAL", "DAL\DAL.csproj", "{83F47E6B-2080-4F8F-BC13-1845CC56508C}"
EndProject
Project("{FAE04EC0-301F-11D3-BF4B-00C04F79EFBC}") = "PharmacyDepot", "PharmacyDepot\PharmacyDepot.csproj", "{017679B0-437C-4999-8B53-D758545C1FD9}"
EndProject
Project("{FAE04EC0-301F-11D3-BF4B-00C04F79EFBC}") = "DataInsert", "DataInsert\DataInsert.csproj", "{570405AB-E354-45D8-846E-A6A490D28055}"
EndProject
Project("{2150E333-8FDC-42A3-9474-1A3956D46DE8}") = ".nuget", ".nuget", "{23B81FA4-AE4C-4D21-9DF7-D87B2AC24BE1}"
	ProjectSection(SolutionItems) = preProject
		.nuget\NuGet.Config = .nuget\NuGet.Config
		.nuget\NuGet.exe = .nuget\NuGet.exe
		.nuget\NuGet.targets = .nuget\NuGet.targets
	EndProjectSection
EndProject
Global
	GlobalSection(SolutionConfigurationPlatforms) = preSolution
		Debug|Any CPU = Debug|Any CPU
		Release|Any CPU = Release|Any CPU
	EndGlobalSection
	GlobalSection(ProjectConfigurationPlatforms) = postSolution
		{660DBE96-B9B6-4163-9B60-C91D924A7EFA}.Debug|Any CPU.ActiveCfg = Debug|Any CPU
		{660DBE96-B9B6-4163-9B60-C91D924A7EFA}.Debug|Any CPU.Build.0 = Debug|Any CPU
		{660DBE96-B9B6-4163-9B60-C91D924A7EFA}.Release|Any CPU.ActiveCfg = Release|Any CPU
		{660DBE96-B9B6-4163-9B60-C91D924A7EFA}.Release|Any CPU.Build.0 = Release|Any CPU
		{23F38CE5-7157-42AB-B371-290F9B5B43FD}.Debug|Any CPU.ActiveCfg = Debug|Any CPU
		{23F38CE5-7157-42AB-B371-290F9B5B43FD}.Debug|Any CPU.Build.0 = Debug|Any CPU
		{23F38CE5-7157-42AB-B371-290F9B5B43FD}.Release|Any CPU.ActiveCfg = Release|Any CPU
		{23F38CE5-7157-42AB-B371-290F9B5B43FD}.Release|Any CPU.Build.0 = Release|Any CPU
		{83F47E6B-2080-4F8F-BC13-1845CC56508C}.Debug|Any CPU.ActiveCfg = Debug|Any CPU
		{83F47E6B-2080-4F8F-BC13-1845CC56508C}.Debug|Any CPU.Build.0 = Debug|Any CPU
		{83F47E6B-2080-4F8F-BC13-1845CC56508C}.Release|Any CPU.ActiveCfg = Release|Any CPU
		{83F47E6B-2080-4F8F-BC13-1845CC56508C}.Release|Any CPU.Build.0 = Release|Any CPU
		{017679B0-437C-4999-8B53-D758545C1FD9}.Debug|Any CPU.ActiveCfg = Debug|Any CPU
		{017679B0-437C-4999-8B53-D758545C1FD9}.Debug|Any CPU.Build.0 = Debug|Any CPU
		{017679B0-437C-4999-8B53-D758545C1FD9}.Release|Any CPU.ActiveCfg = Release|Any CPU
		{017679B0-437C-4999-8B53-D758545C1FD9}.Release|Any CPU.Build.0 = Release|Any CPU
		{570405AB-E354-45D8-846E-A6A490D28055}.Debug|Any CPU.ActiveCfg = Debug|Any CPU
		{570405AB-E354-45D8-846E-A6A490D28055}.Debug|Any CPU.Build.0 = Debug|Any CPU
		{570405AB-E354-45D8-846E-A6A490D28055}.Release|Any CPU.ActiveCfg = Release|Any CPU
		{570405AB-E354-45D8-846E-A6A490D28055}.Release|Any CPU.Build.0 = Release|Any CPU
	EndGlobalSection
	GlobalSection(SolutionProperties) = preSolution
		HideSolutionNode = FALSE
	EndGlobalSection
EndGlobal
